
Microsoft Visual Studio Solution File, Format Version 12.00
# Visual Studio Version 17
VisualStudioVersion = 17.4.33122.133
MinimumVisualStudioVersion = 10.0.40219.1
Project("{FAE04EC0-301F-11D3-BF4B-00C04F79EFBC}") = "Virtualization_Grid", "Virtualization_Grid\Virtualization_Grid.csproj", "{697EA991-4242-4891-A9D6-B489CD2CC506}"
EndProject
Global
	GlobalSection(SolutionConfigurationPlatforms) = preSolution
		Debug|Any CPU = Debug|Any CPU
		Release|Any CPU = Release|Any CPU
	EndGlobalSection
	GlobalSection(ProjectConfigurationPlatforms) = postSolution
		{697EA991-4242-4891-A9D6-B489CD2CC506}.Debug|Any CPU.ActiveCfg = Debug|Any CPU
		{697EA991-4242-4891-A9D6-B489CD2CC506}.Debug|Any CPU.Build.0 = Debug|Any CPU
		{697EA991-4242-4891-A9D6-B489CD2CC506}.Release|Any CPU.ActiveCfg = Release|Any CPU
		{697EA991-4242-4891-A9D6-B489CD2CC506}.Release|Any CPU.Build.0 = Release|Any CPU
	EndGlobalSection
	GlobalSection(SolutionProperties) = preSolution
		HideSolutionNode = FALSE
	EndGlobalSection
	GlobalSection(ExtensibilityGlobals) = postSolution
		SolutionGuid = {5C58F5B0-1C23-4513-A8AC-222ED9830C15}
	EndGlobalSection
EndGlobal
